// !$*UTF8*$!
{
	archiveVersion = 1;
	classes = {
	};
	objectVersion = 46;
	objects = {

/* Begin PBXBuildFile section */
		9BB94CDA1474237A00D22845 /* bottomRow.png in Resources */ = {isa = PBXBuildFile; fileRef = 9BB94CCD1474237A00D22845 /* bottomRow.png */; };
		9BB94CDB1474237A00D22845 /* bottomRowSelected.png in Resources */ = {isa = PBXBuildFile; fileRef = 9BB94CCE1474237A00D22845 /* bottomRowSelected.png */; };
		9BB94CDC1474237A00D22845 /* gradientBackground.png in Resources */ = {isa = PBXBuildFile; fileRef = 9BB94CCF1474237A00D22845 /* gradientBackground.png */; };
		9BB94CDD1474237A00D22845 /* imageA.png in Resources */ = {isa = PBXBuildFile; fileRef = 9BB94CD01474237A00D22845 /* imageA.png */; };
		9BB94CDE1474237A00D22845 /* imageB.png in Resources */ = {isa = PBXBuildFile; fileRef = 9BB94CD11474237A00D22845 /* imageB.png */; };
		9BB94CDF1474237A00D22845 /* imageC.png in Resources */ = {isa = PBXBuildFile; fileRef = 9BB94CD21474237A00D22845 /* imageC.png */; };
		9BB94CE01474237A00D22845 /* indicator.png in Resources */ = {isa = PBXBuildFile; fileRef = 9BB94CD31474237A00D22845 /* indicator.png */; };
		9BB94CE11474237A00D22845 /* middleRow.png in Resources */ = {isa = PBXBuildFile; fileRef = 9BB94CD41474237A00D22845 /* middleRow.png */; };
		9BB94CE21474237A00D22845 /* middleRowSelected.png in Resources */ = {isa = PBXBuildFile; fileRef = 9BB94CD51474237A00D22845 /* middleRowSelected.png */; };
		9BB94CE31474237A00D22845 /* topAndBottomRow.png in Resources */ = {isa = PBXBuildFile; fileRef = 9BB94CD61474237A00D22845 /* topAndBottomRow.png */; };
		9BB94CE41474237A00D22845 /* topAndBottomRowSelected.png in Resources */ = {isa = PBXBuildFile; fileRef = 9BB94CD71474237A00D22845 /* topAndBottomRowSelected.png */; };
		9BB94CE51474237A00D22845 /* topRow.png in Resources */ = {isa = PBXBuildFile; fileRef = 9BB94CD81474237A00D22845 /* topRow.png */; };
		9BB94CE61474237A00D22845 /* topRowSelected.png in Resources */ = {isa = PBXBuildFile; fileRef = 9BB94CD91474237A00D22845 /* topRowSelected.png */; };
		9BBA4B0A14769642006575D3 /* BeersDetailsViewController.m in Sources */ = {isa = PBXBuildFile; fileRef = 9BBA4B0914769642006575D3 /* BeersDetailsViewController.m */; };
		9BBA4B0C14769649006575D3 /* BeersDetailsView.xib in Resources */ = {isa = PBXBuildFile; fileRef = 9BBA4B0B14769649006575D3 /* BeersDetailsView.xib */; };
		AB49368F1475705900EFEA96 /* ImageSliderViewController.m in Sources */ = {isa = PBXBuildFile; fileRef = AB49368D1475705900EFEA96 /* ImageSliderViewController.m */; };
		AB4936901475705900EFEA96 /* ImageSliderView.xib in Resources */ = {isa = PBXBuildFile; fileRef = AB49368E1475705900EFEA96 /* ImageSliderView.xib */; };
		AB7C93A51473F6B9008F46E5 /* UIKit.framework in Frameworks */ = {isa = PBXBuildFile; fileRef = AB7C93A41473F6B9008F46E5 /* UIKit.framework */; };
		AB7C93A71473F6B9008F46E5 /* Foundation.framework in Frameworks */ = {isa = PBXBuildFile; fileRef = AB7C93A61473F6B9008F46E5 /* Foundation.framework */; };
		AB7C93A91473F6B9008F46E5 /* CoreGraphics.framework in Frameworks */ = {isa = PBXBuildFile; fileRef = AB7C93A81473F6B9008F46E5 /* CoreGraphics.framework */; };
		AB7C93AF1473F6B9008F46E5 /* InfoPlist.strings in Resources */ = {isa = PBXBuildFile; fileRef = AB7C93AD1473F6B9008F46E5 /* InfoPlist.strings */; };
		AB7C93B21473F6B9008F46E5 /* main.m in Sources */ = {isa = PBXBuildFile; fileRef = AB7C93B11473F6B9008F46E5 /* main.m */; };
		AB7C93B51473F6B9008F46E5 /* TDPAppDelegate.m in Sources */ = {isa = PBXBuildFile; fileRef = AB7C93B41473F6B9008F46E5 /* TDPAppDelegate.m */; };
		AB7C93B81473F6B9008F46E5 /* MainWindow.xib in Resources */ = {isa = PBXBuildFile; fileRef = AB7C93B61473F6B9008F46E5 /* MainWindow.xib */; };
		AB7C93DC1473F954008F46E5 /* NavController.m in Sources */ = {isa = PBXBuildFile; fileRef = AB7C93DB1473F954008F46E5 /* NavController.m */; };
		AB7C93E11473F9EC008F46E5 /* BeersViewController.m in Sources */ = {isa = PBXBuildFile; fileRef = AB7C93DF1473F9EC008F46E5 /* BeersViewController.m */; };
		AB7C93E21473F9EC008F46E5 /* BeersView.xib in Resources */ = {isa = PBXBuildFile; fileRef = AB7C93E01473F9EC008F46E5 /* BeersView.xib */; };
		AB7C93E61473FA03008F46E5 /* NewsViewController.m in Sources */ = {isa = PBXBuildFile; fileRef = AB7C93E41473FA03008F46E5 /* NewsViewController.m */; };
		AB7C93E71473FA03008F46E5 /* NewsView.xib in Resources */ = {isa = PBXBuildFile; fileRef = AB7C93E51473FA03008F46E5 /* NewsView.xib */; };
		AB7C93EB1473FA20008F46E5 /* EventsViewController.m in Sources */ = {isa = PBXBuildFile; fileRef = AB7C93E91473FA20008F46E5 /* EventsViewController.m */; };
		AB7C93EC1473FA20008F46E5 /* EventsView.xib in Resources */ = {isa = PBXBuildFile; fileRef = AB7C93EA1473FA20008F46E5 /* EventsView.xib */; };
		AB7C93F01473FA40008F46E5 /* BuyNowViewController.m in Sources */ = {isa = PBXBuildFile; fileRef = AB7C93EE1473FA40008F46E5 /* BuyNowViewController.m */; };
		AB7C93F11473FA40008F46E5 /* BuyNowView.xib in Resources */ = {isa = PBXBuildFile; fileRef = AB7C93EF1473FA40008F46E5 /* BuyNowView.xib */; };
		AB7C93F51473FA65008F46E5 /* AboutViewController.m in Sources */ = {isa = PBXBuildFile; fileRef = AB7C93F31473FA65008F46E5 /* AboutViewController.m */; };
		AB7C93F61473FA65008F46E5 /* AboutView.xib in Resources */ = {isa = PBXBuildFile; fileRef = AB7C93F41473FA65008F46E5 /* AboutView.xib */; };
		AB7C93F914741432008F46E5 /* URLs.plist in Resources */ = {isa = PBXBuildFile; fileRef = AB7C93F814741432008F46E5 /* URLs.plist */; };
		AB7C943A14741822008F46E5 /* NSObject+SBJson.m in Sources */ = {isa = PBXBuildFile; fileRef = AB7C942214741822008F46E5 /* NSObject+SBJson.m */; };
		AB7C943B14741822008F46E5 /* SBJsonParser.m in Sources */ = {isa = PBXBuildFile; fileRef = AB7C942514741822008F46E5 /* SBJsonParser.m */; };
		AB7C943C14741822008F46E5 /* SBJsonStreamParser.m in Sources */ = {isa = PBXBuildFile; fileRef = AB7C942714741822008F46E5 /* SBJsonStreamParser.m */; };
		AB7C943D14741822008F46E5 /* SBJsonStreamParserAccumulator.m in Sources */ = {isa = PBXBuildFile; fileRef = AB7C942914741822008F46E5 /* SBJsonStreamParserAccumulator.m */; };
		AB7C943E14741822008F46E5 /* SBJsonStreamParserAdapter.m in Sources */ = {isa = PBXBuildFile; fileRef = AB7C942B14741822008F46E5 /* SBJsonStreamParserAdapter.m */; };
		AB7C943F14741822008F46E5 /* SBJsonStreamParserState.m in Sources */ = {isa = PBXBuildFile; fileRef = AB7C942D14741822008F46E5 /* SBJsonStreamParserState.m */; };
		AB7C944014741822008F46E5 /* SBJsonStreamWriter.m in Sources */ = {isa = PBXBuildFile; fileRef = AB7C942F14741822008F46E5 /* SBJsonStreamWriter.m */; };
		AB7C944114741822008F46E5 /* SBJsonStreamWriterAccumulator.m in Sources */ = {isa = PBXBuildFile; fileRef = AB7C943114741822008F46E5 /* SBJsonStreamWriterAccumulator.m */; };
		AB7C944214741822008F46E5 /* SBJsonStreamWriterState.m in Sources */ = {isa = PBXBuildFile; fileRef = AB7C943314741822008F46E5 /* SBJsonStreamWriterState.m */; };
		AB7C944314741822008F46E5 /* SBJsonTokeniser.m in Sources */ = {isa = PBXBuildFile; fileRef = AB7C943514741822008F46E5 /* SBJsonTokeniser.m */; };
		AB7C944414741822008F46E5 /* SBJsonUTF8Stream.m in Sources */ = {isa = PBXBuildFile; fileRef = AB7C943714741822008F46E5 /* SBJsonUTF8Stream.m */; };
		AB7C944514741822008F46E5 /* SBJsonWriter.m in Sources */ = {isa = PBXBuildFile; fileRef = AB7C943914741822008F46E5 /* SBJsonWriter.m */; };
		AB7C94501474196C008F46E5 /* PlistHelper.m in Sources */ = {isa = PBXBuildFile; fileRef = AB7C944F1474196C008F46E5 /* PlistHelper.m */; };
		AB7C945C147433F4008F46E5 /* EventDetailsViewController.m in Sources */ = {isa = PBXBuildFile; fileRef = AB7C945A147433F4008F46E5 /* EventDetailsViewController.m */; };
		AB7C945D147433F4008F46E5 /* EventDetailsView.xib in Resources */ = {isa = PBXBuildFile; fileRef = AB7C945B147433F4008F46E5 /* EventDetailsView.xib */; };
		AB94BCBE14769AEA00CFF3EF /* CoreData.framework in Frameworks */ = {isa = PBXBuildFile; fileRef = AB94BCBD14769AEA00CFF3EF /* CoreData.framework */; };
		AB94BCC214769B1D00CFF3EF /* TDP.xcdatamodeld in Sources */ = {isa = PBXBuildFile; fileRef = AB94BCC014769B1C00CFF3EF /* TDP.xcdatamodeld */; };
/* End PBXBuildFile section */

/* Begin PBXFileReference section */
		9BB94CCD1474237A00D22845 /* bottomRow.png */ = {isa = PBXFileReference; lastKnownFileType = image.png; path = bottomRow.png; sourceTree = "<group>"; };
		9BB94CCE1474237A00D22845 /* bottomRowSelected.png */ = {isa = PBXFileReference; lastKnownFileType = image.png; path = bottomRowSelected.png; sourceTree = "<group>"; };
		9BB94CCF1474237A00D22845 /* gradientBackground.png */ = {isa = PBXFileReference; lastKnownFileType = image.png; path = gradientBackground.png; sourceTree = "<group>"; };
		9BB94CD01474237A00D22845 /* imageA.png */ = {isa = PBXFileReference; lastKnownFileType = image.png; path = imageA.png; sourceTree = "<group>"; };
		9BB94CD11474237A00D22845 /* imageB.png */ = {isa = PBXFileReference; lastKnownFileType = image.png; path = imageB.png; sourceTree = "<group>"; };
		9BB94CD21474237A00D22845 /* imageC.png */ = {isa = PBXFileReference; lastKnownFileType = image.png; path = imageC.png; sourceTree = "<group>"; };
		9BB94CD31474237A00D22845 /* indicator.png */ = {isa = PBXFileReference; lastKnownFileType = image.png; path = indicator.png; sourceTree = "<group>"; };
		9BB94CD41474237A00D22845 /* middleRow.png */ = {isa = PBXFileReference; lastKnownFileType = image.png; path = middleRow.png; sourceTree = "<group>"; };
		9BB94CD51474237A00D22845 /* middleRowSelected.png */ = {isa = PBXFileReference; lastKnownFileType = image.png; path = middleRowSelected.png; sourceTree = "<group>"; };
		9BB94CD61474237A00D22845 /* topAndBottomRow.png */ = {isa = PBXFileReference; lastKnownFileType = image.png; path = topAndBottomRow.png; sourceTree = "<group>"; };
		9BB94CD71474237A00D22845 /* topAndBottomRowSelected.png */ = {isa = PBXFileReference; lastKnownFileType = image.png; path = topAndBottomRowSelected.png; sourceTree = "<group>"; };
		9BB94CD81474237A00D22845 /* topRow.png */ = {isa = PBXFileReference; lastKnownFileType = image.png; path = topRow.png; sourceTree = "<group>"; };
		9BB94CD91474237A00D22845 /* topRowSelected.png */ = {isa = PBXFileReference; lastKnownFileType = image.png; path = topRowSelected.png; sourceTree = "<group>"; };
		9BBA4B071476963A006575D3 /* BeersDetailsViewController.h */ = {isa = PBXFileReference; fileEncoding = 4; lastKnownFileType = sourcecode.c.h; path = BeersDetailsViewController.h; sourceTree = "<group>"; };
		9BBA4B0914769642006575D3 /* BeersDetailsViewController.m */ = {isa = PBXFileReference; fileEncoding = 4; lastKnownFileType = sourcecode.c.objc; path = BeersDetailsViewController.m; sourceTree = "<group>"; };
		9BBA4B0B14769649006575D3 /* BeersDetailsView.xib */ = {isa = PBXFileReference; fileEncoding = 4; lastKnownFileType = file.xib; name = BeersDetailsView.xib; path = TDP/BeersDetailsView.xib; sourceTree = "<group>"; };
		AB49368C1475705900EFEA96 /* ImageSliderViewController.h */ = {isa = PBXFileReference; fileEncoding = 4; lastKnownFileType = sourcecode.c.h; path = ImageSliderViewController.h; sourceTree = "<group>"; };
		AB49368D1475705900EFEA96 /* ImageSliderViewController.m */ = {isa = PBXFileReference; fileEncoding = 4; lastKnownFileType = sourcecode.c.objc; path = ImageSliderViewController.m; sourceTree = "<group>"; };
		AB49368E1475705900EFEA96 /* ImageSliderView.xib */ = {isa = PBXFileReference; fileEncoding = 4; lastKnownFileType = file.xib; name = ImageSliderView.xib; path = TDP/ImageSliderView.xib; sourceTree = "<group>"; };
		AB7C93A01473F6B9008F46E5 /* TDP.app */ = {isa = PBXFileReference; explicitFileType = wrapper.application; includeInIndex = 0; path = TDP.app; sourceTree = BUILT_PRODUCTS_DIR; };
		AB7C93A41473F6B9008F46E5 /* UIKit.framework */ = {isa = PBXFileReference; lastKnownFileType = wrapper.framework; name = UIKit.framework; path = System/Library/Frameworks/UIKit.framework; sourceTree = SDKROOT; };
		AB7C93A61473F6B9008F46E5 /* Foundation.framework */ = {isa = PBXFileReference; lastKnownFileType = wrapper.framework; name = Foundation.framework; path = System/Library/Frameworks/Foundation.framework; sourceTree = SDKROOT; };
		AB7C93A81473F6B9008F46E5 /* CoreGraphics.framework */ = {isa = PBXFileReference; lastKnownFileType = wrapper.framework; name = CoreGraphics.framework; path = System/Library/Frameworks/CoreGraphics.framework; sourceTree = SDKROOT; };
		AB7C93AC1473F6B9008F46E5 /* TDP-Info.plist */ = {isa = PBXFileReference; lastKnownFileType = text.plist.xml; path = "TDP-Info.plist"; sourceTree = "<group>"; };
		AB7C93AE1473F6B9008F46E5 /* en */ = {isa = PBXFileReference; lastKnownFileType = text.plist.strings; name = en; path = en.lproj/InfoPlist.strings; sourceTree = "<group>"; };
		AB7C93B01473F6B9008F46E5 /* TDP-Prefix.pch */ = {isa = PBXFileReference; lastKnownFileType = sourcecode.c.h; path = "TDP-Prefix.pch"; sourceTree = "<group>"; };
		AB7C93B11473F6B9008F46E5 /* main.m */ = {isa = PBXFileReference; lastKnownFileType = sourcecode.c.objc; path = main.m; sourceTree = "<group>"; };
		AB7C93B31473F6B9008F46E5 /* TDPAppDelegate.h */ = {isa = PBXFileReference; lastKnownFileType = sourcecode.c.h; path = TDPAppDelegate.h; sourceTree = "<group>"; };
		AB7C93B41473F6B9008F46E5 /* TDPAppDelegate.m */ = {isa = PBXFileReference; lastKnownFileType = sourcecode.c.objc; path = TDPAppDelegate.m; sourceTree = "<group>"; };
		AB7C93B71473F6B9008F46E5 /* en */ = {isa = PBXFileReference; lastKnownFileType = file.xib; name = en; path = en.lproj/MainWindow.xib; sourceTree = "<group>"; };
		AB7C93DA1473F954008F46E5 /* NavController.h */ = {isa = PBXFileReference; fileEncoding = 4; lastKnownFileType = sourcecode.c.h; path = NavController.h; sourceTree = "<group>"; };
		AB7C93DB1473F954008F46E5 /* NavController.m */ = {isa = PBXFileReference; fileEncoding = 4; lastKnownFileType = sourcecode.c.objc; path = NavController.m; sourceTree = "<group>"; };
		AB7C93DE1473F9EC008F46E5 /* BeersViewController.h */ = {isa = PBXFileReference; fileEncoding = 4; lastKnownFileType = sourcecode.c.h; path = BeersViewController.h; sourceTree = "<group>"; };
		AB7C93DF1473F9EC008F46E5 /* BeersViewController.m */ = {isa = PBXFileReference; fileEncoding = 4; lastKnownFileType = sourcecode.c.objc; path = BeersViewController.m; sourceTree = "<group>"; };
		AB7C93E01473F9EC008F46E5 /* BeersView.xib */ = {isa = PBXFileReference; fileEncoding = 4; lastKnownFileType = file.xib; name = BeersView.xib; path = TDP/BeersView.xib; sourceTree = "<group>"; };
		AB7C93E31473FA03008F46E5 /* NewsViewController.h */ = {isa = PBXFileReference; fileEncoding = 4; lastKnownFileType = sourcecode.c.h; path = NewsViewController.h; sourceTree = "<group>"; };
		AB7C93E41473FA03008F46E5 /* NewsViewController.m */ = {isa = PBXFileReference; fileEncoding = 4; lastKnownFileType = sourcecode.c.objc; path = NewsViewController.m; sourceTree = "<group>"; };
		AB7C93E51473FA03008F46E5 /* NewsView.xib */ = {isa = PBXFileReference; fileEncoding = 4; lastKnownFileType = file.xib; name = NewsView.xib; path = TDP/NewsView.xib; sourceTree = "<group>"; };
		AB7C93E81473FA20008F46E5 /* EventsViewController.h */ = {isa = PBXFileReference; fileEncoding = 4; lastKnownFileType = sourcecode.c.h; path = EventsViewController.h; sourceTree = "<group>"; };
		AB7C93E91473FA20008F46E5 /* EventsViewController.m */ = {isa = PBXFileReference; fileEncoding = 4; lastKnownFileType = sourcecode.c.objc; path = EventsViewController.m; sourceTree = "<group>"; };
		AB7C93EA1473FA20008F46E5 /* EventsView.xib */ = {isa = PBXFileReference; fileEncoding = 4; lastKnownFileType = file.xib; name = EventsView.xib; path = TDP/EventsView.xib; sourceTree = "<group>"; };
		AB7C93ED1473FA40008F46E5 /* BuyNowViewController.h */ = {isa = PBXFileReference; fileEncoding = 4; lastKnownFileType = sourcecode.c.h; path = BuyNowViewController.h; sourceTree = "<group>"; };
		AB7C93EE1473FA40008F46E5 /* BuyNowViewController.m */ = {isa = PBXFileReference; fileEncoding = 4; lastKnownFileType = sourcecode.c.objc; path = BuyNowViewController.m; sourceTree = "<group>"; };
		AB7C93EF1473FA40008F46E5 /* BuyNowView.xib */ = {isa = PBXFileReference; fileEncoding = 4; lastKnownFileType = file.xib; name = BuyNowView.xib; path = TDP/BuyNowView.xib; sourceTree = "<group>"; };
		AB7C93F21473FA65008F46E5 /* AboutViewController.h */ = {isa = PBXFileReference; fileEncoding = 4; lastKnownFileType = sourcecode.c.h; path = AboutViewController.h; sourceTree = "<group>"; };
		AB7C93F31473FA65008F46E5 /* AboutViewController.m */ = {isa = PBXFileReference; fileEncoding = 4; lastKnownFileType = sourcecode.c.objc; path = AboutViewController.m; sourceTree = "<group>"; };
		AB7C93F41473FA65008F46E5 /* AboutView.xib */ = {isa = PBXFileReference; fileEncoding = 4; lastKnownFileType = file.xib; name = AboutView.xib; path = TDP/AboutView.xib; sourceTree = "<group>"; };
		AB7C93F814741432008F46E5 /* URLs.plist */ = {isa = PBXFileReference; fileEncoding = 4; lastKnownFileType = text.plist.xml; path = URLs.plist; sourceTree = "<group>"; };
		AB7C942014741822008F46E5 /* JSON.h */ = {isa = PBXFileReference; fileEncoding = 4; lastKnownFileType = sourcecode.c.h; path = JSON.h; sourceTree = "<group>"; };
		AB7C942114741822008F46E5 /* NSObject+SBJson.h */ = {isa = PBXFileReference; fileEncoding = 4; lastKnownFileType = sourcecode.c.h; path = "NSObject+SBJson.h"; sourceTree = "<group>"; };
		AB7C942214741822008F46E5 /* NSObject+SBJson.m */ = {isa = PBXFileReference; fileEncoding = 4; lastKnownFileType = sourcecode.c.objc; path = "NSObject+SBJson.m"; sourceTree = "<group>"; };
		AB7C942314741822008F46E5 /* SBJson.h */ = {isa = PBXFileReference; fileEncoding = 4; lastKnownFileType = sourcecode.c.h; path = SBJson.h; sourceTree = "<group>"; };
		AB7C942414741822008F46E5 /* SBJsonParser.h */ = {isa = PBXFileReference; fileEncoding = 4; lastKnownFileType = sourcecode.c.h; path = SBJsonParser.h; sourceTree = "<group>"; };
		AB7C942514741822008F46E5 /* SBJsonParser.m */ = {isa = PBXFileReference; fileEncoding = 4; lastKnownFileType = sourcecode.c.objc; path = SBJsonParser.m; sourceTree = "<group>"; };
		AB7C942614741822008F46E5 /* SBJsonStreamParser.h */ = {isa = PBXFileReference; fileEncoding = 4; lastKnownFileType = sourcecode.c.h; path = SBJsonStreamParser.h; sourceTree = "<group>"; };
		AB7C942714741822008F46E5 /* SBJsonStreamParser.m */ = {isa = PBXFileReference; fileEncoding = 4; lastKnownFileType = sourcecode.c.objc; path = SBJsonStreamParser.m; sourceTree = "<group>"; };
		AB7C942814741822008F46E5 /* SBJsonStreamParserAccumulator.h */ = {isa = PBXFileReference; fileEncoding = 4; lastKnownFileType = sourcecode.c.h; path = SBJsonStreamParserAccumulator.h; sourceTree = "<group>"; };
		AB7C942914741822008F46E5 /* SBJsonStreamParserAccumulator.m */ = {isa = PBXFileReference; fileEncoding = 4; lastKnownFileType = sourcecode.c.objc; path = SBJsonStreamParserAccumulator.m; sourceTree = "<group>"; };
		AB7C942A14741822008F46E5 /* SBJsonStreamParserAdapter.h */ = {isa = PBXFileReference; fileEncoding = 4; lastKnownFileType = sourcecode.c.h; path = SBJsonStreamParserAdapter.h; sourceTree = "<group>"; };
		AB7C942B14741822008F46E5 /* SBJsonStreamParserAdapter.m */ = {isa = PBXFileReference; fileEncoding = 4; lastKnownFileType = sourcecode.c.objc; path = SBJsonStreamParserAdapter.m; sourceTree = "<group>"; };
		AB7C942C14741822008F46E5 /* SBJsonStreamParserState.h */ = {isa = PBXFileReference; fileEncoding = 4; lastKnownFileType = sourcecode.c.h; path = SBJsonStreamParserState.h; sourceTree = "<group>"; };
		AB7C942D14741822008F46E5 /* SBJsonStreamParserState.m */ = {isa = PBXFileReference; fileEncoding = 4; lastKnownFileType = sourcecode.c.objc; path = SBJsonStreamParserState.m; sourceTree = "<group>"; };
		AB7C942E14741822008F46E5 /* SBJsonStreamWriter.h */ = {isa = PBXFileReference; fileEncoding = 4; lastKnownFileType = sourcecode.c.h; path = SBJsonStreamWriter.h; sourceTree = "<group>"; };
		AB7C942F14741822008F46E5 /* SBJsonStreamWriter.m */ = {isa = PBXFileReference; fileEncoding = 4; lastKnownFileType = sourcecode.c.objc; path = SBJsonStreamWriter.m; sourceTree = "<group>"; };
		AB7C943014741822008F46E5 /* SBJsonStreamWriterAccumulator.h */ = {isa = PBXFileReference; fileEncoding = 4; lastKnownFileType = sourcecode.c.h; path = SBJsonStreamWriterAccumulator.h; sourceTree = "<group>"; };
		AB7C943114741822008F46E5 /* SBJsonStreamWriterAccumulator.m */ = {isa = PBXFileReference; fileEncoding = 4; lastKnownFileType = sourcecode.c.objc; path = SBJsonStreamWriterAccumulator.m; sourceTree = "<group>"; };
		AB7C943214741822008F46E5 /* SBJsonStreamWriterState.h */ = {isa = PBXFileReference; fileEncoding = 4; lastKnownFileType = sourcecode.c.h; path = SBJsonStreamWriterState.h; sourceTree = "<group>"; };
		AB7C943314741822008F46E5 /* SBJsonStreamWriterState.m */ = {isa = PBXFileReference; fileEncoding = 4; lastKnownFileType = sourcecode.c.objc; path = SBJsonStreamWriterState.m; sourceTree = "<group>"; };
		AB7C943414741822008F46E5 /* SBJsonTokeniser.h */ = {isa = PBXFileReference; fileEncoding = 4; lastKnownFileType = sourcecode.c.h; path = SBJsonTokeniser.h; sourceTree = "<group>"; };
		AB7C943514741822008F46E5 /* SBJsonTokeniser.m */ = {isa = PBXFileReference; fileEncoding = 4; lastKnownFileType = sourcecode.c.objc; path = SBJsonTokeniser.m; sourceTree = "<group>"; };
		AB7C943614741822008F46E5 /* SBJsonUTF8Stream.h */ = {isa = PBXFileReference; fileEncoding = 4; lastKnownFileType = sourcecode.c.h; path = SBJsonUTF8Stream.h; sourceTree = "<group>"; };
		AB7C943714741822008F46E5 /* SBJsonUTF8Stream.m */ = {isa = PBXFileReference; fileEncoding = 4; lastKnownFileType = sourcecode.c.objc; path = SBJsonUTF8Stream.m; sourceTree = "<group>"; };
		AB7C943814741822008F46E5 /* SBJsonWriter.h */ = {isa = PBXFileReference; fileEncoding = 4; lastKnownFileType = sourcecode.c.h; path = SBJsonWriter.h; sourceTree = "<group>"; };
		AB7C943914741822008F46E5 /* SBJsonWriter.m */ = {isa = PBXFileReference; fileEncoding = 4; lastKnownFileType = sourcecode.c.objc; path = SBJsonWriter.m; sourceTree = "<group>"; };
		AB7C944E1474196C008F46E5 /* PlistHelper.h */ = {isa = PBXFileReference; fileEncoding = 4; lastKnownFileType = sourcecode.c.h; path = PlistHelper.h; sourceTree = "<group>"; };
		AB7C944F1474196C008F46E5 /* PlistHelper.m */ = {isa = PBXFileReference; fileEncoding = 4; lastKnownFileType = sourcecode.c.objc; path = PlistHelper.m; sourceTree = "<group>"; };
		AB7C9459147433F4008F46E5 /* EventDetailsViewController.h */ = {isa = PBXFileReference; fileEncoding = 4; lastKnownFileType = sourcecode.c.h; name = EventDetailsViewController.h; path = ../EventDetailsViewController.h; sourceTree = "<group>"; };
		AB7C945A147433F4008F46E5 /* EventDetailsViewController.m */ = {isa = PBXFileReference; fileEncoding = 4; lastKnownFileType = sourcecode.c.objc; name = EventDetailsViewController.m; path = ../EventDetailsViewController.m; sourceTree = "<group>"; };
		AB7C945B147433F4008F46E5 /* EventDetailsView.xib */ = {isa = PBXFileReference; fileEncoding = 4; lastKnownFileType = file.xib; path = EventDetailsView.xib; sourceTree = "<group>"; };
		AB94BCBD14769AEA00CFF3EF /* CoreData.framework */ = {isa = PBXFileReference; lastKnownFileType = wrapper.framework; name = CoreData.framework; path = System/Library/Frameworks/CoreData.framework; sourceTree = SDKROOT; };
		AB94BCC114769B1D00CFF3EF /* TDP.xcdatamodel */ = {isa = PBXFileReference; lastKnownFileType = wrapper.xcdatamodel; path = TDP.xcdatamodel; sourceTree = "<group>"; };
/* End PBXFileReference section */

/* Begin PBXFrameworksBuildPhase section */
		AB7C939D1473F6B9008F46E5 /* Frameworks */ = {
			isa = PBXFrameworksBuildPhase;
			buildActionMask = 2147483647;
			files = (
				AB94BCBE14769AEA00CFF3EF /* CoreData.framework in Frameworks */,
				AB7C93A51473F6B9008F46E5 /* UIKit.framework in Frameworks */,
				AB7C93A71473F6B9008F46E5 /* Foundation.framework in Frameworks */,
				AB7C93A91473F6B9008F46E5 /* CoreGraphics.framework in Frameworks */,
			);
			runOnlyForDeploymentPostprocessing = 0;
		};
/* End PBXFrameworksBuildPhase section */

/* Begin PBXGroup section */
		9BB94CCB1474210D00D22845 /* Images */ = {
			isa = PBXGroup;
			children = (
				9BB94CCD1474237A00D22845 /* bottomRow.png */,
				9BB94CCE1474237A00D22845 /* bottomRowSelected.png */,
				9BB94CCF1474237A00D22845 /* gradientBackground.png */,
				9BB94CD01474237A00D22845 /* imageA.png */,
				9BB94CD11474237A00D22845 /* imageB.png */,
				9BB94CD21474237A00D22845 /* imageC.png */,
				9BB94CD31474237A00D22845 /* indicator.png */,
				9BB94CD41474237A00D22845 /* middleRow.png */,
				9BB94CD51474237A00D22845 /* middleRowSelected.png */,
				9BB94CD61474237A00D22845 /* topAndBottomRow.png */,
				9BB94CD71474237A00D22845 /* topAndBottomRowSelected.png */,
				9BB94CD81474237A00D22845 /* topRow.png */,
				9BB94CD91474237A00D22845 /* topRowSelected.png */,
			);
			name = Images;
			sourceTree = "<group>";
		};
		AB7C93951473F6B9008F46E5 = {
			isa = PBXGroup;
			children = (
				AB7C93DD1473F96C008F46E5 /* Resources */,
				AB7C93AA1473F6B9008F46E5 /* TDP */,
				AB7C93A31473F6B9008F46E5 /* Frameworks */,
				AB7C93A11473F6B9008F46E5 /* Products */,
			);
			sourceTree = "<group>";
		};
		AB7C93A11473F6B9008F46E5 /* Products */ = {
			isa = PBXGroup;
			children = (
				AB7C93A01473F6B9008F46E5 /* TDP.app */,
			);
			name = Products;
			sourceTree = "<group>";
		};
		AB7C93A31473F6B9008F46E5 /* Frameworks */ = {
			isa = PBXGroup;
			children = (
				AB94BCBD14769AEA00CFF3EF /* CoreData.framework */,
				AB7C93A41473F6B9008F46E5 /* UIKit.framework */,
				AB7C93A61473F6B9008F46E5 /* Foundation.framework */,
				AB7C93A81473F6B9008F46E5 /* CoreGraphics.framework */,
			);
			name = Frameworks;
			sourceTree = "<group>";
		};
		AB7C93AA1473F6B9008F46E5 /* TDP */ = {
			isa = PBXGroup;
			children = (
				9BBA4B071476963A006575D3 /* BeersDetailsViewController.h */,
				9BBA4B0914769642006575D3 /* BeersDetailsViewController.m */,
				AB7C93FA14741525008F46E5 /* JsonParser */,
				AB7C93B31473F6B9008F46E5 /* TDPAppDelegate.h */,
				AB7C93B41473F6B9008F46E5 /* TDPAppDelegate.m */,
				AB7C93DA1473F954008F46E5 /* NavController.h */,
				AB7C93DB1473F954008F46E5 /* NavController.m */,
				AB7C93DE1473F9EC008F46E5 /* BeersViewController.h */,
				AB7C93DF1473F9EC008F46E5 /* BeersViewController.m */,
				AB7C93E81473FA20008F46E5 /* EventsViewController.h */,
				AB7C93E91473FA20008F46E5 /* EventsViewController.m */,
				AB7C9459147433F4008F46E5 /* EventDetailsViewController.h */,
				AB7C945A147433F4008F46E5 /* EventDetailsViewController.m */,
				AB7C93E31473FA03008F46E5 /* NewsViewController.h */,
				AB7C93E41473FA03008F46E5 /* NewsViewController.m */,
				AB7C93ED1473FA40008F46E5 /* BuyNowViewController.h */,
				AB7C93EE1473FA40008F46E5 /* BuyNowViewController.m */,
				AB7C93F21473FA65008F46E5 /* AboutViewController.h */,
				AB7C93F31473FA65008F46E5 /* AboutViewController.m */,
				AB7C944E1474196C008F46E5 /* PlistHelper.h */,
				AB7C944F1474196C008F46E5 /* PlistHelper.m */,
				AB49368C1475705900EFEA96 /* ImageSliderViewController.h */,
				AB49368D1475705900EFEA96 /* ImageSliderViewController.m */,
				AB7C93AB1473F6B9008F46E5 /* Supporting Files */,
			);
			path = TDP;
			sourceTree = "<group>";
		};
		AB7C93AB1473F6B9008F46E5 /* Supporting Files */ = {
			isa = PBXGroup;
			children = (
				AB7C93AC1473F6B9008F46E5 /* TDP-Info.plist */,
				AB7C93AD1473F6B9008F46E5 /* InfoPlist.strings */,
				AB7C93B01473F6B9008F46E5 /* TDP-Prefix.pch */,
				AB7C93B11473F6B9008F46E5 /* main.m */,
			);
			name = "Supporting Files";
			sourceTree = "<group>";
		};
		AB7C93DD1473F96C008F46E5 /* Resources */ = {
			isa = PBXGroup;
			children = (
				9BB94CCB1474210D00D22845 /* Images */,
				AB7C93F41473FA65008F46E5 /* AboutView.xib */,
				AB7C93EF1473FA40008F46E5 /* BuyNowView.xib */,
				AB7C93EA1473FA20008F46E5 /* EventsView.xib */,
				AB7C945B147433F4008F46E5 /* EventDetailsView.xib */,
				9BBA4B0B14769649006575D3 /* BeersDetailsView.xib */,
				AB49368E1475705900EFEA96 /* ImageSliderView.xib */,
				AB7C93E51473FA03008F46E5 /* NewsView.xib */,
				AB7C93E01473F9EC008F46E5 /* BeersView.xib */,
				AB7C93B61473F6B9008F46E5 /* MainWindow.xib */,
				AB7C93F814741432008F46E5 /* URLs.plist */,
				AB94BCC014769B1C00CFF3EF /* TDP.xcdatamodeld */,
			);
			name = Resources;
			sourceTree = "<group>";
		};
		AB7C93FA14741525008F46E5 /* JsonParser */ = {
			isa = PBXGroup;
			children = (
				AB7C942014741822008F46E5 /* JSON.h */,
				AB7C942114741822008F46E5 /* NSObject+SBJson.h */,
				AB7C942214741822008F46E5 /* NSObject+SBJson.m */,
				AB7C942314741822008F46E5 /* SBJson.h */,
				AB7C942414741822008F46E5 /* SBJsonParser.h */,
				AB7C942514741822008F46E5 /* SBJsonParser.m */,
				AB7C942614741822008F46E5 /* SBJsonStreamParser.h */,
				AB7C942714741822008F46E5 /* SBJsonStreamParser.m */,
				AB7C942814741822008F46E5 /* SBJsonStreamParserAccumulator.h */,
				AB7C942914741822008F46E5 /* SBJsonStreamParserAccumulator.m */,
				AB7C942A14741822008F46E5 /* SBJsonStreamParserAdapter.h */,
				AB7C942B14741822008F46E5 /* SBJsonStreamParserAdapter.m */,
				AB7C942C14741822008F46E5 /* SBJsonStreamParserState.h */,
				AB7C942D14741822008F46E5 /* SBJsonStreamParserState.m */,
				AB7C942E14741822008F46E5 /* SBJsonStreamWriter.h */,
				AB7C942F14741822008F46E5 /* SBJsonStreamWriter.m */,
				AB7C943014741822008F46E5 /* SBJsonStreamWriterAccumulator.h */,
				AB7C943114741822008F46E5 /* SBJsonStreamWriterAccumulator.m */,
				AB7C943214741822008F46E5 /* SBJsonStreamWriterState.h */,
				AB7C943314741822008F46E5 /* SBJsonStreamWriterState.m */,
				AB7C943414741822008F46E5 /* SBJsonTokeniser.h */,
				AB7C943514741822008F46E5 /* SBJsonTokeniser.m */,
				AB7C943614741822008F46E5 /* SBJsonUTF8Stream.h */,
				AB7C943714741822008F46E5 /* SBJsonUTF8Stream.m */,
				AB7C943814741822008F46E5 /* SBJsonWriter.h */,
				AB7C943914741822008F46E5 /* SBJsonWriter.m */,
			);
			name = JsonParser;
			sourceTree = "<group>";
		};
/* End PBXGroup section */

/* Begin PBXNativeTarget section */
		AB7C939F1473F6B9008F46E5 /* TDP */ = {
			isa = PBXNativeTarget;
			buildConfigurationList = AB7C93C71473F6B9008F46E5 /* Build configuration list for PBXNativeTarget "TDP" */;
			buildPhases = (
				AB7C939C1473F6B9008F46E5 /* Sources */,
				AB7C939D1473F6B9008F46E5 /* Frameworks */,
				AB7C939E1473F6B9008F46E5 /* Resources */,
			);
			buildRules = (
			);
			dependencies = (
			);
			name = TDP;
			productName = TDP;
			productReference = AB7C93A01473F6B9008F46E5 /* TDP.app */;
			productType = "com.apple.product-type.application";
		};
/* End PBXNativeTarget section */

/* Begin PBXProject section */
		AB7C93971473F6B9008F46E5 /* Project object */ = {
			isa = PBXProject;
			buildConfigurationList = AB7C939A1473F6B9008F46E5 /* Build configuration list for PBXProject "TDP" */;
			compatibilityVersion = "Xcode 3.2";
			developmentRegion = English;
			hasScannedForEncodings = 0;
			knownRegions = (
				en,
			);
			mainGroup = AB7C93951473F6B9008F46E5;
			productRefGroup = AB7C93A11473F6B9008F46E5 /* Products */;
			projectDirPath = "";
			projectRoot = "";
			targets = (
				AB7C939F1473F6B9008F46E5 /* TDP */,
			);
		};
/* End PBXProject section */

/* Begin PBXResourcesBuildPhase section */
		AB7C939E1473F6B9008F46E5 /* Resources */ = {
			isa = PBXResourcesBuildPhase;
			buildActionMask = 2147483647;
			files = (
				AB7C93AF1473F6B9008F46E5 /* InfoPlist.strings in Resources */,
				AB7C93B81473F6B9008F46E5 /* MainWindow.xib in Resources */,
				AB7C93E21473F9EC008F46E5 /* BeersView.xib in Resources */,
				AB7C93E71473FA03008F46E5 /* NewsView.xib in Resources */,
				AB7C93EC1473FA20008F46E5 /* EventsView.xib in Resources */,
				AB7C93F11473FA40008F46E5 /* BuyNowView.xib in Resources */,
				AB7C93F61473FA65008F46E5 /* AboutView.xib in Resources */,
				9BB94CDA1474237A00D22845 /* bottomRow.png in Resources */,
				9BB94CDB1474237A00D22845 /* bottomRowSelected.png in Resources */,
				9BB94CDC1474237A00D22845 /* gradientBackground.png in Resources */,
				9BB94CDD1474237A00D22845 /* imageA.png in Resources */,
				9BB94CDE1474237A00D22845 /* imageB.png in Resources */,
				9BB94CDF1474237A00D22845 /* imageC.png in Resources */,
				9BB94CE01474237A00D22845 /* indicator.png in Resources */,
				9BB94CE11474237A00D22845 /* middleRow.png in Resources */,
				9BB94CE21474237A00D22845 /* middleRowSelected.png in Resources */,
				9BB94CE31474237A00D22845 /* topAndBottomRow.png in Resources */,
				9BB94CE41474237A00D22845 /* topAndBottomRowSelected.png in Resources */,
				9BB94CE51474237A00D22845 /* topRow.png in Resources */,
				9BB94CE61474237A00D22845 /* topRowSelected.png in Resources */,
				AB7C93F914741432008F46E5 /* URLs.plist in Resources */,
				AB7C945D147433F4008F46E5 /* EventDetailsView.xib in Resources */,
				AB4936901475705900EFEA96 /* ImageSliderView.xib in Resources */,
				9BBA4B0C14769649006575D3 /* BeersDetailsView.xib in Resources */,
			);
			runOnlyForDeploymentPostprocessing = 0;
		};
/* End PBXResourcesBuildPhase section */

/* Begin PBXSourcesBuildPhase section */
		AB7C939C1473F6B9008F46E5 /* Sources */ = {
			isa = PBXSourcesBuildPhase;
			buildActionMask = 2147483647;
			files = (
				AB7C93B21473F6B9008F46E5 /* main.m in Sources */,
				AB7C93B51473F6B9008F46E5 /* TDPAppDelegate.m in Sources */,
				AB7C93DC1473F954008F46E5 /* NavController.m in Sources */,
				AB7C93E11473F9EC008F46E5 /* BeersViewController.m in Sources */,
				AB7C93E61473FA03008F46E5 /* NewsViewController.m in Sources */,
				AB7C93EB1473FA20008F46E5 /* EventsViewController.m in Sources */,
				AB7C93F01473FA40008F46E5 /* BuyNowViewController.m in Sources */,
				AB7C93F51473FA65008F46E5 /* AboutViewController.m in Sources */,
				AB7C943A14741822008F46E5 /* NSObject+SBJson.m in Sources */,
				AB7C943B14741822008F46E5 /* SBJsonParser.m in Sources */,
				AB7C943C14741822008F46E5 /* SBJsonStreamParser.m in Sources */,
				AB7C943D14741822008F46E5 /* SBJsonStreamParserAccumulator.m in Sources */,
				AB7C943E14741822008F46E5 /* SBJsonStreamParserAdapter.m in Sources */,
				AB7C943F14741822008F46E5 /* SBJsonStreamParserState.m in Sources */,
				AB7C944014741822008F46E5 /* SBJsonStreamWriter.m in Sources */,
				AB7C944114741822008F46E5 /* SBJsonStreamWriterAccumulator.m in Sources */,
				AB7C944214741822008F46E5 /* SBJsonStreamWriterState.m in Sources */,
				AB7C944314741822008F46E5 /* SBJsonTokeniser.m in Sources */,
				AB7C944414741822008F46E5 /* SBJsonUTF8Stream.m in Sources */,
				AB7C944514741822008F46E5 /* SBJsonWriter.m in Sources */,
				AB7C94501474196C008F46E5 /* PlistHelper.m in Sources */,
				AB7C945C147433F4008F46E5 /* EventDetailsViewController.m in Sources */,
				AB49368F1475705900EFEA96 /* ImageSliderViewController.m in Sources */,
				AB94BCC214769B1D00CFF3EF /* TDP.xcdatamodeld in Sources */,
				9BBA4B0A14769642006575D3 /* BeersDetailsViewController.m in Sources */,
			);
			runOnlyForDeploymentPostprocessing = 0;
		};
/* End PBXSourcesBuildPhase section */

/* Begin PBXVariantGroup section */
		AB7C93AD1473F6B9008F46E5 /* InfoPlist.strings */ = {
			isa = PBXVariantGroup;
			children = (
				AB7C93AE1473F6B9008F46E5 /* en */,
			);
			name = InfoPlist.strings;
			sourceTree = "<group>";
		};
		AB7C93B61473F6B9008F46E5 /* MainWindow.xib */ = {
			isa = PBXVariantGroup;
			children = (
				AB7C93B71473F6B9008F46E5 /* en */,
			);
			name = MainWindow.xib;
			path = TDP;
			sourceTree = "<group>";
		};
/* End PBXVariantGroup section */

/* Begin XCBuildConfiguration section */
		AB7C93C51473F6B9008F46E5 /* Debug */ = {
			isa = XCBuildConfiguration;
			buildSettings = {
				ARCHS = "$(ARCHS_STANDARD_32_BIT)";
				"CODE_SIGN_IDENTITY[sdk=iphoneos*]" = "iPhone Developer";
				GCC_C_LANGUAGE_STANDARD = gnu99;
				GCC_OPTIMIZATION_LEVEL = 0;
				GCC_PREPROCESSOR_DEFINITIONS = DEBUG;
				GCC_SYMBOLS_PRIVATE_EXTERN = NO;
				GCC_VERSION = com.apple.compilers.llvmgcc42;
				GCC_WARN_ABOUT_RETURN_TYPE = YES;
				GCC_WARN_UNUSED_VARIABLE = YES;
				IPHONEOS_DEPLOYMENT_TARGET = 4.3;
				OTHER_LDFLAGS = "";
				SDKROOT = iphoneos;
			};
			name = Debug;
		};
		AB7C93C61473F6B9008F46E5 /* Release */ = {
			isa = XCBuildConfiguration;
			buildSettings = {
				ARCHS = "$(ARCHS_STANDARD_32_BIT)";
				"CODE_SIGN_IDENTITY[sdk=iphoneos*]" = "iPhone Developer";
				GCC_C_LANGUAGE_STANDARD = gnu99;
				GCC_VERSION = com.apple.compilers.llvmgcc42;
				GCC_WARN_ABOUT_RETURN_TYPE = YES;
				GCC_WARN_UNUSED_VARIABLE = YES;
				IPHONEOS_DEPLOYMENT_TARGET = 4.3;
				OTHER_CFLAGS = "-DNS_BLOCK_ASSERTIONS=1";
				OTHER_LDFLAGS = "";
				SDKROOT = iphoneos;
			};
			name = Release;
		};
		AB7C93C81473F6B9008F46E5 /* Debug */ = {
			isa = XCBuildConfiguration;
			buildSettings = {
				ALWAYS_SEARCH_USER_PATHS = NO;
				COPY_PHASE_STRIP = NO;
				GCC_DYNAMIC_NO_PIC = NO;
				GCC_PRECOMPILE_PREFIX_HEADER = YES;
				GCC_PREFIX_HEADER = "TDP/TDP-Prefix.pch";
				INFOPLIST_FILE = "TDP/TDP-Info.plist";
				PRODUCT_NAME = "$(TARGET_NAME)";
				WRAPPER_EXTENSION = app;
			};
			name = Debug;
		};
		AB7C93C91473F6B9008F46E5 /* Release */ = {
			isa = XCBuildConfiguration;
			buildSettings = {
				ALWAYS_SEARCH_USER_PATHS = NO;
				COPY_PHASE_STRIP = YES;
				GCC_PRECOMPILE_PREFIX_HEADER = YES;
				GCC_PREFIX_HEADER = "TDP/TDP-Prefix.pch";
				INFOPLIST_FILE = "TDP/TDP-Info.plist";
				PRODUCT_NAME = "$(TARGET_NAME)";
				VALIDATE_PRODUCT = YES;
				WRAPPER_EXTENSION = app;
			};
			name = Release;
		};
/* End XCBuildConfiguration section */

/* Begin XCConfigurationList section */
		AB7C939A1473F6B9008F46E5 /* Build configuration list for PBXProject "TDP" */ = {
			isa = XCConfigurationList;
			buildConfigurations = (
				AB7C93C51473F6B9008F46E5 /* Debug */,
				AB7C93C61473F6B9008F46E5 /* Release */,
			);
			defaultConfigurationIsVisible = 0;
			defaultConfigurationName = Release;
		};
		AB7C93C71473F6B9008F46E5 /* Build configuration list for PBXNativeTarget "TDP" */ = {
			isa = XCConfigurationList;
			buildConfigurations = (
				AB7C93C81473F6B9008F46E5 /* Debug */,
				AB7C93C91473F6B9008F46E5 /* Release */,
			);
			defaultConfigurationIsVisible = 0;
			defaultConfigurationName = Release;
		};
/* End XCConfigurationList section */

/* Begin XCVersionGroup section */
		AB94BCC014769B1C00CFF3EF /* TDP.xcdatamodeld */ = {
			isa = XCVersionGroup;
			children = (
				AB94BCC114769B1D00CFF3EF /* TDP.xcdatamodel */,
			);
			currentVersion = AB94BCC114769B1D00CFF3EF /* TDP.xcdatamodel */;
			path = TDP.xcdatamodeld;
			sourceTree = "<group>";
			versionGroupType = wrapper.xcdatamodel;
		};
/* End XCVersionGroup section */
	};
	rootObject = AB7C93971473F6B9008F46E5 /* Project object */;
}
