// !$*UTF8*$!
{
	archiveVersion = 1;
	classes = {
	};
	objectVersion = 46;
	objects = {

/* Begin PBXBuildFile section */
		AB7C93A51473F6B9008F46E5 /* UIKit.framework in Frameworks */ = {isa = PBXBuildFile; fileRef = AB7C93A41473F6B9008F46E5 /* UIKit.framework */; };
		AB7C93A71473F6B9008F46E5 /* Foundation.framework in Frameworks */ = {isa = PBXBuildFile; fileRef = AB7C93A61473F6B9008F46E5 /* Foundation.framework */; };
		AB7C93A91473F6B9008F46E5 /* CoreGraphics.framework in Frameworks */ = {isa = PBXBuildFile; fileRef = AB7C93A81473F6B9008F46E5 /* CoreGraphics.framework */; };
		AB7C93AF1473F6B9008F46E5 /* InfoPlist.strings in Resources */ = {isa = PBXBuildFile; fileRef = AB7C93AD1473F6B9008F46E5 /* InfoPlist.strings */; };
		AB7C93B21473F6B9008F46E5 /* main.m in Sources */ = {isa = PBXBuildFile; fileRef = AB7C93B11473F6B9008F46E5 /* main.m */; };
		AB7C93B51473F6B9008F46E5 /* TDPAppDelegate.m in Sources */ = {isa = PBXBuildFile; fileRef = AB7C93B41473F6B9008F46E5 /* TDPAppDelegate.m */; };
		AB7C93B81473F6B9008F46E5 /* MainWindow.xib in Resources */ = {isa = PBXBuildFile; fileRef = AB7C93B61473F6B9008F46E5 /* MainWindow.xib */; };
		AB7C93DC1473F954008F46E5 /* NavController.m in Sources */ = {isa = PBXBuildFile; fileRef = AB7C93DB1473F954008F46E5 /* NavController.m */; };
		AB7C93E11473F9EC008F46E5 /* BeersViewController.m in Sources */ = {isa = PBXBuildFile; fileRef = AB7C93DF1473F9EC008F46E5 /* BeersViewController.m */; };
		AB7C93E21473F9EC008F46E5 /* BeersView.xib in Resources */ = {isa = PBXBuildFile; fileRef = AB7C93E01473F9EC008F46E5 /* BeersView.xib */; };
		AB7C93E61473FA03008F46E5 /* NewsViewController.m in Sources */ = {isa = PBXBuildFile; fileRef = AB7C93E41473FA03008F46E5 /* NewsViewController.m */; };
		AB7C93E71473FA03008F46E5 /* NewsView.xib in Resources */ = {isa = PBXBuildFile; fileRef = AB7C93E51473FA03008F46E5 /* NewsView.xib */; };
		AB7C93EB1473FA20008F46E5 /* EventsViewController.m in Sources */ = {isa = PBXBuildFile; fileRef = AB7C93E91473FA20008F46E5 /* EventsViewController.m */; };
		AB7C93EC1473FA20008F46E5 /* EventsView.xib in Resources */ = {isa = PBXBuildFile; fileRef = AB7C93EA1473FA20008F46E5 /* EventsView.xib */; };
		AB7C93F01473FA40008F46E5 /* BuyNowViewController.m in Sources */ = {isa = PBXBuildFile; fileRef = AB7C93EE1473FA40008F46E5 /* BuyNowViewController.m */; };
		AB7C93F11473FA40008F46E5 /* BuyNowView.xib in Resources */ = {isa = PBXBuildFile; fileRef = AB7C93EF1473FA40008F46E5 /* BuyNowView.xib */; };
		AB7C93F51473FA65008F46E5 /* AboutViewController.m in Sources */ = {isa = PBXBuildFile; fileRef = AB7C93F31473FA65008F46E5 /* AboutViewController.m */; };
		AB7C93F61473FA65008F46E5 /* AboutView.xib in Resources */ = {isa = PBXBuildFile; fileRef = AB7C93F41473FA65008F46E5 /* AboutView.xib */; };
/* End PBXBuildFile section */

/* Begin PBXFileReference section */
		AB7C93A01473F6B9008F46E5 /* TDP.app */ = {isa = PBXFileReference; explicitFileType = wrapper.application; includeInIndex = 0; path = TDP.app; sourceTree = BUILT_PRODUCTS_DIR; };
		AB7C93A41473F6B9008F46E5 /* UIKit.framework */ = {isa = PBXFileReference; lastKnownFileType = wrapper.framework; name = UIKit.framework; path = System/Library/Frameworks/UIKit.framework; sourceTree = SDKROOT; };
		AB7C93A61473F6B9008F46E5 /* Foundation.framework */ = {isa = PBXFileReference; lastKnownFileType = wrapper.framework; name = Foundation.framework; path = System/Library/Frameworks/Foundation.framework; sourceTree = SDKROOT; };
		AB7C93A81473F6B9008F46E5 /* CoreGraphics.framework */ = {isa = PBXFileReference; lastKnownFileType = wrapper.framework; name = CoreGraphics.framework; path = System/Library/Frameworks/CoreGraphics.framework; sourceTree = SDKROOT; };
		AB7C93AC1473F6B9008F46E5 /* TDP-Info.plist */ = {isa = PBXFileReference; lastKnownFileType = text.plist.xml; path = "TDP-Info.plist"; sourceTree = "<group>"; };
		AB7C93AE1473F6B9008F46E5 /* en */ = {isa = PBXFileReference; lastKnownFileType = text.plist.strings; name = en; path = en.lproj/InfoPlist.strings; sourceTree = "<group>"; };
		AB7C93B01473F6B9008F46E5 /* TDP-Prefix.pch */ = {isa = PBXFileReference; lastKnownFileType = sourcecode.c.h; path = "TDP-Prefix.pch"; sourceTree = "<group>"; };
		AB7C93B11473F6B9008F46E5 /* main.m */ = {isa = PBXFileReference; lastKnownFileType = sourcecode.c.objc; path = main.m; sourceTree = "<group>"; };
		AB7C93B31473F6B9008F46E5 /* TDPAppDelegate.h */ = {isa = PBXFileReference; lastKnownFileType = sourcecode.c.h; path = TDPAppDelegate.h; sourceTree = "<group>"; };
		AB7C93B41473F6B9008F46E5 /* TDPAppDelegate.m */ = {isa = PBXFileReference; lastKnownFileType = sourcecode.c.objc; path = TDPAppDelegate.m; sourceTree = "<group>"; };
		AB7C93B71473F6B9008F46E5 /* en */ = {isa = PBXFileReference; lastKnownFileType = file.xib; name = en; path = en.lproj/MainWindow.xib; sourceTree = "<group>"; };
		AB7C93DA1473F954008F46E5 /* NavController.h */ = {isa = PBXFileReference; fileEncoding = 4; lastKnownFileType = sourcecode.c.h; path = NavController.h; sourceTree = "<group>"; };
		AB7C93DB1473F954008F46E5 /* NavController.m */ = {isa = PBXFileReference; fileEncoding = 4; lastKnownFileType = sourcecode.c.objc; path = NavController.m; sourceTree = "<group>"; };
		AB7C93DE1473F9EC008F46E5 /* BeersViewController.h */ = {isa = PBXFileReference; fileEncoding = 4; lastKnownFileType = sourcecode.c.h; path = BeersViewController.h; sourceTree = "<group>"; };
		AB7C93DF1473F9EC008F46E5 /* BeersViewController.m */ = {isa = PBXFileReference; fileEncoding = 4; lastKnownFileType = sourcecode.c.objc; path = BeersViewController.m; sourceTree = "<group>"; };
		AB7C93E01473F9EC008F46E5 /* BeersView.xib */ = {isa = PBXFileReference; fileEncoding = 4; lastKnownFileType = file.xib; name = BeersView.xib; path = TDP/BeersView.xib; sourceTree = "<group>"; };
		AB7C93E31473FA03008F46E5 /* NewsViewController.h */ = {isa = PBXFileReference; fileEncoding = 4; lastKnownFileType = sourcecode.c.h; path = NewsViewController.h; sourceTree = "<group>"; };
		AB7C93E41473FA03008F46E5 /* NewsViewController.m */ = {isa = PBXFileReference; fileEncoding = 4; lastKnownFileType = sourcecode.c.objc; path = NewsViewController.m; sourceTree = "<group>"; };
		AB7C93E51473FA03008F46E5 /* NewsView.xib */ = {isa = PBXFileReference; fileEncoding = 4; lastKnownFileType = file.xib; name = NewsView.xib; path = TDP/NewsView.xib; sourceTree = "<group>"; };
		AB7C93E81473FA20008F46E5 /* EventsViewController.h */ = {isa = PBXFileReference; fileEncoding = 4; lastKnownFileType = sourcecode.c.h; path = EventsViewController.h; sourceTree = "<group>"; };
		AB7C93E91473FA20008F46E5 /* EventsViewController.m */ = {isa = PBXFileReference; fileEncoding = 4; lastKnownFileType = sourcecode.c.objc; path = EventsViewController.m; sourceTree = "<group>"; };
		AB7C93EA1473FA20008F46E5 /* EventsView.xib */ = {isa = PBXFileReference; fileEncoding = 4; lastKnownFileType = file.xib; name = EventsView.xib; path = TDP/EventsView.xib; sourceTree = "<group>"; };
		AB7C93ED1473FA40008F46E5 /* BuyNowViewController.h */ = {isa = PBXFileReference; fileEncoding = 4; lastKnownFileType = sourcecode.c.h; path = BuyNowViewController.h; sourceTree = "<group>"; };
		AB7C93EE1473FA40008F46E5 /* BuyNowViewController.m */ = {isa = PBXFileReference; fileEncoding = 4; lastKnownFileType = sourcecode.c.objc; path = BuyNowViewController.m; sourceTree = "<group>"; };
		AB7C93EF1473FA40008F46E5 /* BuyNowView.xib */ = {isa = PBXFileReference; fileEncoding = 4; lastKnownFileType = file.xib; name = BuyNowView.xib; path = TDP/BuyNowView.xib; sourceTree = "<group>"; };
		AB7C93F21473FA65008F46E5 /* AboutViewController.h */ = {isa = PBXFileReference; fileEncoding = 4; lastKnownFileType = sourcecode.c.h; path = AboutViewController.h; sourceTree = "<group>"; };
		AB7C93F31473FA65008F46E5 /* AboutViewController.m */ = {isa = PBXFileReference; fileEncoding = 4; lastKnownFileType = sourcecode.c.objc; path = AboutViewController.m; sourceTree = "<group>"; };
		AB7C93F41473FA65008F46E5 /* AboutView.xib */ = {isa = PBXFileReference; fileEncoding = 4; lastKnownFileType = file.xib; name = AboutView.xib; path = TDP/AboutView.xib; sourceTree = "<group>"; };
/* End PBXFileReference section */

/* Begin PBXFrameworksBuildPhase section */
		AB7C939D1473F6B9008F46E5 /* Frameworks */ = {
			isa = PBXFrameworksBuildPhase;
			buildActionMask = 2147483647;
			files = (
				AB7C93A51473F6B9008F46E5 /* UIKit.framework in Frameworks */,
				AB7C93A71473F6B9008F46E5 /* Foundation.framework in Frameworks */,
				AB7C93A91473F6B9008F46E5 /* CoreGraphics.framework in Frameworks */,
			);
			runOnlyForDeploymentPostprocessing = 0;
		};
/* End PBXFrameworksBuildPhase section */

/* Begin PBXGroup section */
		AB7C93951473F6B9008F46E5 = {
			isa = PBXGroup;
			children = (
				AB7C93DD1473F96C008F46E5 /* Resources */,
				AB7C93AA1473F6B9008F46E5 /* TDP */,
				AB7C93A31473F6B9008F46E5 /* Frameworks */,
				AB7C93A11473F6B9008F46E5 /* Products */,
			);
			sourceTree = "<group>";
		};
		AB7C93A11473F6B9008F46E5 /* Products */ = {
			isa = PBXGroup;
			children = (
				AB7C93A01473F6B9008F46E5 /* TDP.app */,
			);
			name = Products;
			sourceTree = "<group>";
		};
		AB7C93A31473F6B9008F46E5 /* Frameworks */ = {
			isa = PBXGroup;
			children = (
				AB7C93A41473F6B9008F46E5 /* UIKit.framework */,
				AB7C93A61473F6B9008F46E5 /* Foundation.framework */,
				AB7C93A81473F6B9008F46E5 /* CoreGraphics.framework */,
			);
			name = Frameworks;
			sourceTree = "<group>";
		};
		AB7C93AA1473F6B9008F46E5 /* TDP */ = {
			isa = PBXGroup;
			children = (
				AB7C93B31473F6B9008F46E5 /* TDPAppDelegate.h */,
				AB7C93B41473F6B9008F46E5 /* TDPAppDelegate.m */,
				AB7C93AB1473F6B9008F46E5 /* Supporting Files */,
				AB7C93DA1473F954008F46E5 /* NavController.h */,
				AB7C93DB1473F954008F46E5 /* NavController.m */,
				AB7C93DE1473F9EC008F46E5 /* BeersViewController.h */,
				AB7C93DF1473F9EC008F46E5 /* BeersViewController.m */,
				AB7C93E81473FA20008F46E5 /* EventsViewController.h */,
				AB7C93E91473FA20008F46E5 /* EventsViewController.m */,
				AB7C93E31473FA03008F46E5 /* NewsViewController.h */,
				AB7C93E41473FA03008F46E5 /* NewsViewController.m */,
				AB7C93ED1473FA40008F46E5 /* BuyNowViewController.h */,
				AB7C93EE1473FA40008F46E5 /* BuyNowViewController.m */,
				AB7C93F21473FA65008F46E5 /* AboutViewController.h */,
				AB7C93F31473FA65008F46E5 /* AboutViewController.m */,
			);
			path = TDP;
			sourceTree = "<group>";
		};
		AB7C93AB1473F6B9008F46E5 /* Supporting Files */ = {
			isa = PBXGroup;
			children = (
				AB7C93AC1473F6B9008F46E5 /* TDP-Info.plist */,
				AB7C93AD1473F6B9008F46E5 /* InfoPlist.strings */,
				AB7C93B01473F6B9008F46E5 /* TDP-Prefix.pch */,
				AB7C93B11473F6B9008F46E5 /* main.m */,
			);
			name = "Supporting Files";
			sourceTree = "<group>";
		};
		AB7C93DD1473F96C008F46E5 /* Resources */ = {
			isa = PBXGroup;
			children = (
				AB7C93F41473FA65008F46E5 /* AboutView.xib */,
				AB7C93EF1473FA40008F46E5 /* BuyNowView.xib */,
				AB7C93EA1473FA20008F46E5 /* EventsView.xib */,
				AB7C93E51473FA03008F46E5 /* NewsView.xib */,
				AB7C93E01473F9EC008F46E5 /* BeersView.xib */,
				AB7C93B61473F6B9008F46E5 /* MainWindow.xib */,
			);
			name = Resources;
			sourceTree = "<group>";
		};
/* End PBXGroup section */

/* Begin PBXNativeTarget section */
		AB7C939F1473F6B9008F46E5 /* TDP */ = {
			isa = PBXNativeTarget;
			buildConfigurationList = AB7C93C71473F6B9008F46E5 /* Build configuration list for PBXNativeTarget "TDP" */;
			buildPhases = (
				AB7C939C1473F6B9008F46E5 /* Sources */,
				AB7C939D1473F6B9008F46E5 /* Frameworks */,
				AB7C939E1473F6B9008F46E5 /* Resources */,
			);
			buildRules = (
			);
			dependencies = (
			);
			name = TDP;
			productName = TDP;
			productReference = AB7C93A01473F6B9008F46E5 /* TDP.app */;
			productType = "com.apple.product-type.application";
		};
/* End PBXNativeTarget section */

/* Begin PBXProject section */
		AB7C93971473F6B9008F46E5 /* Project object */ = {
			isa = PBXProject;
			buildConfigurationList = AB7C939A1473F6B9008F46E5 /* Build configuration list for PBXProject "TDP" */;
			compatibilityVersion = "Xcode 3.2";
			developmentRegion = English;
			hasScannedForEncodings = 0;
			knownRegions = (
				en,
			);
			mainGroup = AB7C93951473F6B9008F46E5;
			productRefGroup = AB7C93A11473F6B9008F46E5 /* Products */;
			projectDirPath = "";
			projectRoot = "";
			targets = (
				AB7C939F1473F6B9008F46E5 /* TDP */,
			);
		};
/* End PBXProject section */

/* Begin PBXResourcesBuildPhase section */
		AB7C939E1473F6B9008F46E5 /* Resources */ = {
			isa = PBXResourcesBuildPhase;
			buildActionMask = 2147483647;
			files = (
				AB7C93AF1473F6B9008F46E5 /* InfoPlist.strings in Resources */,
				AB7C93B81473F6B9008F46E5 /* MainWindow.xib in Resources */,
				AB7C93E21473F9EC008F46E5 /* BeersView.xib in Resources */,
				AB7C93E71473FA03008F46E5 /* NewsView.xib in Resources */,
				AB7C93EC1473FA20008F46E5 /* EventsView.xib in Resources */,
				AB7C93F11473FA40008F46E5 /* BuyNowView.xib in Resources */,
				AB7C93F61473FA65008F46E5 /* AboutView.xib in Resources */,
			);
			runOnlyForDeploymentPostprocessing = 0;
		};
/* End PBXResourcesBuildPhase section */

/* Begin PBXSourcesBuildPhase section */
		AB7C939C1473F6B9008F46E5 /* Sources */ = {
			isa = PBXSourcesBuildPhase;
			buildActionMask = 2147483647;
			files = (
				AB7C93B21473F6B9008F46E5 /* main.m in Sources */,
				AB7C93B51473F6B9008F46E5 /* TDPAppDelegate.m in Sources */,
				AB7C93DC1473F954008F46E5 /* NavController.m in Sources */,
				AB7C93E11473F9EC008F46E5 /* BeersViewController.m in Sources */,
				AB7C93E61473FA03008F46E5 /* NewsViewController.m in Sources */,
				AB7C93EB1473FA20008F46E5 /* EventsViewController.m in Sources */,
				AB7C93F01473FA40008F46E5 /* BuyNowViewController.m in Sources */,
				AB7C93F51473FA65008F46E5 /* AboutViewController.m in Sources */,
			);
			runOnlyForDeploymentPostprocessing = 0;
		};
/* End PBXSourcesBuildPhase section */

/* Begin PBXVariantGroup section */
		AB7C93AD1473F6B9008F46E5 /* InfoPlist.strings */ = {
			isa = PBXVariantGroup;
			children = (
				AB7C93AE1473F6B9008F46E5 /* en */,
			);
			name = InfoPlist.strings;
			sourceTree = "<group>";
		};
		AB7C93B61473F6B9008F46E5 /* MainWindow.xib */ = {
			isa = PBXVariantGroup;
			children = (
				AB7C93B71473F6B9008F46E5 /* en */,
			);
			name = MainWindow.xib;
			path = TDP;
			sourceTree = "<group>";
		};
/* End PBXVariantGroup section */

/* Begin XCBuildConfiguration section */
		AB7C93C51473F6B9008F46E5 /* Debug */ = {
			isa = XCBuildConfiguration;
			buildSettings = {
				ARCHS = "$(ARCHS_STANDARD_32_BIT)";
				"CODE_SIGN_IDENTITY[sdk=iphoneos*]" = "iPhone Developer";
				GCC_C_LANGUAGE_STANDARD = gnu99;
				GCC_OPTIMIZATION_LEVEL = 0;
				GCC_PREPROCESSOR_DEFINITIONS = DEBUG;
				GCC_SYMBOLS_PRIVATE_EXTERN = NO;
				GCC_VERSION = com.apple.compilers.llvmgcc42;
				GCC_WARN_ABOUT_RETURN_TYPE = YES;
				GCC_WARN_UNUSED_VARIABLE = YES;
				IPHONEOS_DEPLOYMENT_TARGET = 4.3;
				SDKROOT = iphoneos;
			};
			name = Debug;
		};
		AB7C93C61473F6B9008F46E5 /* Release */ = {
			isa = XCBuildConfiguration;
			buildSettings = {
				ARCHS = "$(ARCHS_STANDARD_32_BIT)";
				"CODE_SIGN_IDENTITY[sdk=iphoneos*]" = "iPhone Developer";
				GCC_C_LANGUAGE_STANDARD = gnu99;
				GCC_VERSION = com.apple.compilers.llvmgcc42;
				GCC_WARN_ABOUT_RETURN_TYPE = YES;
				GCC_WARN_UNUSED_VARIABLE = YES;
				IPHONEOS_DEPLOYMENT_TARGET = 4.3;
				OTHER_CFLAGS = "-DNS_BLOCK_ASSERTIONS=1";
				SDKROOT = iphoneos;
			};
			name = Release;
		};
		AB7C93C81473F6B9008F46E5 /* Debug */ = {
			isa = XCBuildConfiguration;
			buildSettings = {
				ALWAYS_SEARCH_USER_PATHS = NO;
				COPY_PHASE_STRIP = NO;
				GCC_DYNAMIC_NO_PIC = NO;
				GCC_PRECOMPILE_PREFIX_HEADER = YES;
				GCC_PREFIX_HEADER = "TDP/TDP-Prefix.pch";
				INFOPLIST_FILE = "TDP/TDP-Info.plist";
				PRODUCT_NAME = "$(TARGET_NAME)";
				WRAPPER_EXTENSION = app;
			};
			name = Debug;
		};
		AB7C93C91473F6B9008F46E5 /* Release */ = {
			isa = XCBuildConfiguration;
			buildSettings = {
				ALWAYS_SEARCH_USER_PATHS = NO;
				COPY_PHASE_STRIP = YES;
				GCC_PRECOMPILE_PREFIX_HEADER = YES;
				GCC_PREFIX_HEADER = "TDP/TDP-Prefix.pch";
				INFOPLIST_FILE = "TDP/TDP-Info.plist";
				PRODUCT_NAME = "$(TARGET_NAME)";
				VALIDATE_PRODUCT = YES;
				WRAPPER_EXTENSION = app;
			};
			name = Release;
		};
/* End XCBuildConfiguration section */

/* Begin XCConfigurationList section */
		AB7C939A1473F6B9008F46E5 /* Build configuration list for PBXProject "TDP" */ = {
			isa = XCConfigurationList;
			buildConfigurations = (
				AB7C93C51473F6B9008F46E5 /* Debug */,
				AB7C93C61473F6B9008F46E5 /* Release */,
			);
			defaultConfigurationIsVisible = 0;
			defaultConfigurationName = Release;
		};
		AB7C93C71473F6B9008F46E5 /* Build configuration list for PBXNativeTarget "TDP" */ = {
			isa = XCConfigurationList;
			buildConfigurations = (
				AB7C93C81473F6B9008F46E5 /* Debug */,
				AB7C93C91473F6B9008F46E5 /* Release */,
			);
			defaultConfigurationIsVisible = 0;
		};
/* End XCConfigurationList section */
	};
	rootObject = AB7C93971473F6B9008F46E5 /* Project object */;
}
